
Microsoft Visual Studio Solution File, Format Version 12.00
# Visual Studio Version 17
VisualStudioVersion = 17.14.36221.1
MinimumVisualStudioVersion = 10.0.40219.1
Project("{FAE04EC0-301F-11D3-BF4B-00C04F79EFBC}") = "TechnicalTask", "WebApplication1\TechnicalTask.csproj", "{D5F24305-0A90-4F75-85B7-0A693D7C8A0B}"
EndProject
Global
	GlobalSection(SolutionConfigurationPlatforms) = preSolution
		Debug|Any CPU = Debug|Any CPU
		Release|Any CPU = Release|Any CPU
	EndGlobalSection
	GlobalSection(ProjectConfigurationPlatforms) = postSolution
		{D5F24305-0A90-4F75-85B7-0A693D7C8A0B}.Debug|Any CPU.ActiveCfg = Debug|Any CPU
		{D5F24305-0A90-4F75-85B7-0A693D7C8A0B}.Debug|Any CPU.Build.0 = Debug|Any CPU
		{D5F24305-0A90-4F75-85B7-0A693D7C8A0B}.Release|Any CPU.ActiveCfg = Release|Any CPU
		{D5F24305-0A90-4F75-85B7-0A693D7C8A0B}.Release|Any CPU.Build.0 = Release|Any CPU
	EndGlobalSection
	GlobalSection(SolutionProperties) = preSolution
		HideSolutionNode = FALSE
	EndGlobalSection
	GlobalSection(ExtensibilityGlobals) = postSolution
		SolutionGuid = {CB787D0C-14C1-47AB-B09D-F54EE004F072}
	EndGlobalSection
EndGlobal
